<?xml version="1.0" encoding="UTF-8" standalone="yes" ?>
<CodeBlocks_project_file>
	<FileVersion major="1" minor="6" />
	<Project>
		<Option title="EdenCraft" />
		<Option pch_mode="2" />
		<Option compiler="gcc" />
		<Build>
			<Target title="Debug">
				<Option output="dbg/EdenCraft" prefix_auto="1" extension_auto="1" />
				<Option object_output="dbg/obj/" />
				<Option type="1" />
				<Option compiler="gcc" />
				<Compiler>
					<Add option="-Weffc++" />
					<Add option="-pedantic" />
					<Add option="-Wall" />
					<Add option="-ansi" />
					<Add option="-g" />
					<Add option="-DSFML_STATIC" />
					<Add directory="include" />
					<Add directory="include/Communication" />
				</Compiler>
				<Linker>
					<Add library="sfml-graphics-s-d" />
					<Add library="sfml-window-s-d" />
					<Add library="gdi32" />
					<Add library="opengl32" />
					<Add library="sfml-system-s-d" />
					<Add library="winmm" />
					<Add library="jpeg" />
					<Add directory="lib" />
				</Linker>
			</Target>
			<Target title="Release">
				<Option output="bin/EdenCraft" prefix_auto="1" extension_auto="1" />
				<Option object_output="bin/obj/" />
				<Option type="1" />
				<Option compiler="gcc" />
				<Compiler>
					<Add option="-O2" />
					<Add directory="include/Communication" />
				</Compiler>
				<Linker>
					<Add option="-s" />
					<Add library="sfml-graphics-s" />
					<Add library="sfml-window-s" />
					<Add library="gdi32" />
					<Add library="opengl32" />
					<Add library="sfml-system-s" />
					<Add library="winmm" />
					<Add library="jpeg" />
				</Linker>
			</Target>
		</Build>
		<Compiler>
			<Add option="-Wall" />
			<Add option="-DSFML_STATIC" />
			<Add directory="include" />
		</Compiler>
		<Linker>
			<Add directory="lib" />
		</Linker>
		<Unit filename="include/Communication/ICentralizer.hpp" />
		<Unit filename="include/Communication/ICommunicable.hpp" />
		<Unit filename="include/Communication/ITransmitable.hpp" />
		<Unit filename="include/Communication/Message.hpp" />
		<Unit filename="include/Communication/Office.hpp" />
		<Unit filename="include/Communication/Signal.hpp" />
		<Unit filename="include/Communication/Transmitable.hpp" />
		<Unit filename="include/IArchetype.hpp" />
		<Unit filename="include/IComponent.hpp" />
		<Unit filename="include/IEntity.hpp" />
		<Unit filename="include/ISystem.hpp" />
		<Unit filename="src/Communication/Message.cpp" />
		<Unit filename="src/Communication/Office.cpp" />
		<Unit filename="src/Communication/Transmitable.cpp" />
		<Unit filename="src/main.cpp" />
		<Extensions>
			<code_completion />
			<envvars />
			<debugger />
		</Extensions>
	</Project>
</CodeBlocks_project_file>
