<?xml version="1.0" encoding="utf-8"?>
<Project ToolsVersion="4.0" xmlns="http://schemas.microsoft.com/developer/msbuild/2003">
  <ItemGroup>
    <Filter Include="Fichiers sources">
      <UniqueIdentifier>{4FC737F1-C7A5-4376-A066-2A32D752A2FF}</UniqueIdentifier>
      <Extensions>cpp;c;cc;cxx;def;odl;idl;hpj;bat;asm;asmx</Extensions>
    </Filter>
    <Filter Include="Fichiers d%27en-tête">
      <UniqueIdentifier>{93995380-89BD-4b04-88EB-625FBE52EBFB}</UniqueIdentifier>
      <Extensions>h;hh;hpp;hxx;hm;inl;inc;xsd</Extensions>
    </Filter>
    <Filter Include="Fichiers de ressources">
      <UniqueIdentifier>{67DA6AB6-F800-4c08-8B7A-83BB121AAD01}</UniqueIdentifier>
      <Extensions>rc;ico;cur;bmp;dlg;rc2;rct;bin;rgs;gif;jpg;jpeg;jpe;resx;tiff;tif;png;wav;mfcribbon-ms</Extensions>
    </Filter>
    <Filter Include="Fichiers d%27en-tête\Util">
      <UniqueIdentifier>{72079bbe-dfdb-462d-9160-d30123180968}</UniqueIdentifier>
    </Filter>
    <Filter Include="Fichiers sources\Util">
      <UniqueIdentifier>{7dc3b116-9737-431b-ab75-340f502f319d}</UniqueIdentifier>
    </Filter>
    <Filter Include="Fichiers de ressources\values">
      <UniqueIdentifier>{40d0b6ed-00c4-4647-8362-2f412c897843}</UniqueIdentifier>
    </Filter>
  </ItemGroup>
  <ItemGroup>
    <ClCompile Include="main.cpp">
      <Filter>Fichiers sources</Filter>
    </ClCompile>
    <ClCompile Include="CustomWindow.cpp">
      <Filter>Fichiers sources</Filter>
    </ClCompile>
    <ClCompile Include="Game.cpp">
      <Filter>Fichiers sources</Filter>
    </ClCompile>
    <ClCompile Include="BaseObject.cpp">
      <Filter>Fichiers sources</Filter>
    </ClCompile>
    <ClCompile Include="TriangleObject.cpp">
      <Filter>Fichiers sources</Filter>
    </ClCompile>
    <ClCompile Include="TypeGL.cpp">
      <Filter>Fichiers sources\Util</Filter>
    </ClCompile>
    <ClCompile Include="ShaderScript.cpp">
      <Filter>Fichiers sources</Filter>
    </ClCompile>
    <ClCompile Include="RectangleObject.cpp">
      <Filter>Fichiers sources</Filter>
    </ClCompile>
    <ClCompile Include="CubeObject.cpp">
      <Filter>Fichiers sources</Filter>
    </ClCompile>
    <ClCompile Include="GLAdapter.cpp">
      <Filter>Fichiers sources\Util</Filter>
    </ClCompile>
    <ClCompile Include="ColorGL.cpp">
      <Filter>Fichiers sources\Util</Filter>
    </ClCompile>
  </ItemGroup>
  <ItemGroup>
    <None Include="packages.config" />
    <None Include="Basic.frag" />
    <None Include="Basic.vert" />
    <None Include="Strings.inl">
      <Filter>Fichiers de ressources\values</Filter>
    </None>
    <None Include="Constants.inl">
      <Filter>Fichiers d%27en-tête\Util</Filter>
    </None>
  </ItemGroup>
  <ItemGroup>
    <ClInclude Include="CustomWindow.hpp">
      <Filter>Fichiers d%27en-tête</Filter>
    </ClInclude>
    <ClInclude Include="Game.hpp">
      <Filter>Fichiers d%27en-tête</Filter>
    </ClInclude>
    <ClInclude Include="BaseObject.hpp">
      <Filter>Fichiers d%27en-tête</Filter>
    </ClInclude>
    <ClInclude Include="TriangleObject.hpp">
      <Filter>Fichiers d%27en-tête</Filter>
    </ClInclude>
    <ClInclude Include="TypeGL.hpp">
      <Filter>Fichiers d%27en-tête\Util</Filter>
    </ClInclude>
    <ClInclude Include="ShaderScript.h">
      <Filter>Fichiers d%27en-tête</Filter>
    </ClInclude>
    <ClInclude Include="RectangleObject.hpp">
      <Filter>Fichiers d%27en-tête</Filter>
    </ClInclude>
    <ClInclude Include="CubeObject.hpp">
      <Filter>Fichiers d%27en-tête</Filter>
    </ClInclude>
    <ClInclude Include="GLAdapter.hpp">
      <Filter>Fichiers d%27en-tête\Util</Filter>
    </ClInclude>
    <ClInclude Include="ColorGL.hpp">
      <Filter>Fichiers d%27en-tête\Util</Filter>
    </ClInclude>
  </ItemGroup>
</Project>